
Microsoft Visual Studio Solution File, Format Version 12.00
# Visual Studio 2013
VisualStudioVersion = 12.0.30723.0
MinimumVisualStudioVersion = 10.0.40219.1
Project("{FAE04EC0-301F-11D3-BF4B-00C04F79EFBC}") = "ContactManager", "ContactManager\ContactManager.csproj", "{4DEDE628-84EB-4694-A628-635BE9F9707B}"
EndProject
Project("{FAE04EC0-301F-11D3-BF4B-00C04F79EFBC}") = "ContactManager.Tests", "ContactDB.Tests\ContactManager.Tests.csproj", "{6AEB9828-A586-4148-BFF8-0F18AC6700C9}"
EndProject
Global
	GlobalSection(SolutionConfigurationPlatforms) = preSolution
		Debug|Any CPU = Debug|Any CPU
		Release|Any CPU = Release|Any CPU
	EndGlobalSection
	GlobalSection(ProjectConfigurationPlatforms) = postSolution
		{4DEDE628-84EB-4694-A628-635BE9F9707B}.Debug|Any CPU.ActiveCfg = Debug|Any CPU
		{4DEDE628-84EB-4694-A628-635BE9F9707B}.Debug|Any CPU.Build.0 = Debug|Any CPU
		{4DEDE628-84EB-4694-A628-635BE9F9707B}.Release|Any CPU.ActiveCfg = Release|Any CPU
		{4DEDE628-84EB-4694-A628-635BE9F9707B}.Release|Any CPU.Build.0 = Release|Any CPU
		{6AEB9828-A586-4148-BFF8-0F18AC6700C9}.Debug|Any CPU.ActiveCfg = Debug|Any CPU
		{6AEB9828-A586-4148-BFF8-0F18AC6700C9}.Debug|Any CPU.Build.0 = Debug|Any CPU
		{6AEB9828-A586-4148-BFF8-0F18AC6700C9}.Release|Any CPU.ActiveCfg = Release|Any CPU
		{6AEB9828-A586-4148-BFF8-0F18AC6700C9}.Release|Any CPU.Build.0 = Release|Any CPU
	EndGlobalSection
	GlobalSection(SolutionProperties) = preSolution
		HideSolutionNode = FALSE
	EndGlobalSection
EndGlobal
